
Microsoft Visual Studio Solution File, Format Version 12.00
# Visual Studio Express 2012 for Windows Desktop
Project("{FAE04EC0-301F-11D3-BF4B-00C04F79EFBC}") = "comPort", "comPort\comPort.csproj", "{1BD63C66-7D04-435C-B5A0-2CC4070EC046}"
EndProject
Global
	GlobalSection(SolutionConfigurationPlatforms) = preSolution
		Debug|Any CPU = Debug|Any CPU
		Release|Any CPU = Release|Any CPU
	EndGlobalSection
	GlobalSection(ProjectConfigurationPlatforms) = postSolution
		{1BD63C66-7D04-435C-B5A0-2CC4070EC046}.Debug|Any CPU.ActiveCfg = Debug|Any CPU
		{1BD63C66-7D04-435C-B5A0-2CC4070EC046}.Debug|Any CPU.Build.0 = Debug|Any CPU
		{1BD63C66-7D04-435C-B5A0-2CC4070EC046}.Release|Any CPU.ActiveCfg = Release|Any CPU
		{1BD63C66-7D04-435C-B5A0-2CC4070EC046}.Release|Any CPU.Build.0 = Release|Any CPU
	EndGlobalSection
	GlobalSection(SolutionProperties) = preSolution
		HideSolutionNode = FALSE
	EndGlobalSection
EndGlobal
